// !$*UTF8*$!
{
	archiveVersion = 1;
	classes = {
	};
	objectVersion = 50;
	objects = {

/* Begin PBXBuildFile section */
		5E7A00592631DA2C00DF7B53 /* AppDelegate.swift in Sources */ = {isa = PBXBuildFile; fileRef = 5E7A00582631DA2C00DF7B53 /* AppDelegate.swift */; };
		5E7A005B2631DA2C00DF7B53 /* SceneDelegate.swift in Sources */ = {isa = PBXBuildFile; fileRef = 5E7A005A2631DA2C00DF7B53 /* SceneDelegate.swift */; };
		5E7A005D2631DA2C00DF7B53 /* ViewController.swift in Sources */ = {isa = PBXBuildFile; fileRef = 5E7A005C2631DA2C00DF7B53 /* ViewController.swift */; };
		5E7A00622631DA3800DF7B53 /* Assets.xcassets in Resources */ = {isa = PBXBuildFile; fileRef = 5E7A00612631DA3800DF7B53 /* Assets.xcassets */; };
		5E7A00712632E9EC00DF7B53 /* TableViewController.swift in Sources */ = {isa = PBXBuildFile; fileRef = 5E7A00702632E9EB00DF7B53 /* TableViewController.swift */; };
		5E7A00852632F0C800DF7B53 /* AppDelegate.swift in Sources */ = {isa = PBXBuildFile; fileRef = 5E7A00842632F0C800DF7B53 /* AppDelegate.swift */; };
		5E7A00872632F0C800DF7B53 /* SceneDelegate.swift in Sources */ = {isa = PBXBuildFile; fileRef = 5E7A00862632F0C800DF7B53 /* SceneDelegate.swift */; };
		5E7A00892632F0C800DF7B53 /* ViewController.swift in Sources */ = {isa = PBXBuildFile; fileRef = 5E7A00882632F0C800DF7B53 /* ViewController.swift */; };
		5E7A008E2632F0CF00DF7B53 /* Assets.xcassets in Resources */ = {isa = PBXBuildFile; fileRef = 5E7A008D2632F0CF00DF7B53 /* Assets.xcassets */; };
		5E7A009F2632F50100DF7B53 /* start.txt in Resources */ = {isa = PBXBuildFile; fileRef = 5E7A009E2632F50100DF7B53 /* start.txt */; };
		5E7A00AF2636BAA300DF7B53 /* AppDelegate.swift in Sources */ = {isa = PBXBuildFile; fileRef = 5E7A00AE2636BAA300DF7B53 /* AppDelegate.swift */; };
		5E7A00B12636BAA300DF7B53 /* SceneDelegate.swift in Sources */ = {isa = PBXBuildFile; fileRef = 5E7A00B02636BAA300DF7B53 /* SceneDelegate.swift */; };
		5E7A00B32636BAA300DF7B53 /* ViewController.swift in Sources */ = {isa = PBXBuildFile; fileRef = 5E7A00B22636BAA300DF7B53 /* ViewController.swift */; };
		5E7A00B82636BAA900DF7B53 /* Assets.xcassets in Resources */ = {isa = PBXBuildFile; fileRef = 5E7A00B72636BAA900DF7B53 /* Assets.xcassets */; };
		5E7A00FE2636DE1200DF7B53 /* AppDelegate.swift in Sources */ = {isa = PBXBuildFile; fileRef = 5E7A00FD2636DE1200DF7B53 /* AppDelegate.swift */; };
		5E7A01002636DE1200DF7B53 /* SceneDelegate.swift in Sources */ = {isa = PBXBuildFile; fileRef = 5E7A00FF2636DE1200DF7B53 /* SceneDelegate.swift */; };
		5E7A01022636DE1300DF7B53 /* ViewController.swift in Sources */ = {isa = PBXBuildFile; fileRef = 5E7A01012636DE1300DF7B53 /* ViewController.swift */; };
		5E7A01072636DE1C00DF7B53 /* Assets.xcassets in Resources */ = {isa = PBXBuildFile; fileRef = 5E7A01062636DE1C00DF7B53 /* Assets.xcassets */; };
		5E7A01222636E2B700DF7B53 /* TabBarController.swift in Sources */ = {isa = PBXBuildFile; fileRef = 5E7A01212636E2B700DF7B53 /* TabBarController.swift */; };
		5E7A01922636EF5100DF7B53 /* Petition.swift in Sources */ = {isa = PBXBuildFile; fileRef = 5E7A01912636EF5100DF7B53 /* Petition.swift */; };
		5E7A01A02636EF7900DF7B53 /* Petitions.swift in Sources */ = {isa = PBXBuildFile; fileRef = 5E7A019F2636EF7900DF7B53 /* Petitions.swift */; };
		5E7A01AE2636F57F00DF7B53 /* DetailViewController.swift in Sources */ = {isa = PBXBuildFile; fileRef = 5E7A01AD2636F57F00DF7B53 /* DetailViewController.swift */; };
		5E7A01C226371C8C00DF7B53 /* AppDelegate.swift in Sources */ = {isa = PBXBuildFile; fileRef = 5E7A01C126371C8C00DF7B53 /* AppDelegate.swift */; };
		5E7A01C426371C8C00DF7B53 /* SceneDelegate.swift in Sources */ = {isa = PBXBuildFile; fileRef = 5E7A01C326371C8C00DF7B53 /* SceneDelegate.swift */; };
		5E7A01C626371C8C00DF7B53 /* ViewController.swift in Sources */ = {isa = PBXBuildFile; fileRef = 5E7A01C526371C8C00DF7B53 /* ViewController.swift */; };
		5E7A01CB26371C9100DF7B53 /* Assets.xcassets in Resources */ = {isa = PBXBuildFile; fileRef = 5E7A01CA26371C9100DF7B53 /* Assets.xcassets */; };
		5E7A02082637201200DF7B53 /* UIView.swift in Sources */ = {isa = PBXBuildFile; fileRef = 5E7A02072637201200DF7B53 /* UIView.swift */; };
		5E7A02092637201200DF7B53 /* UIView.swift in Sources */ = {isa = PBXBuildFile; fileRef = 5E7A02072637201200DF7B53 /* UIView.swift */; };
		5E7A020A2637201200DF7B53 /* UIView.swift in Sources */ = {isa = PBXBuildFile; fileRef = 5E7A02072637201200DF7B53 /* UIView.swift */; };
		5E7A020B2637201200DF7B53 /* UIView.swift in Sources */ = {isa = PBXBuildFile; fileRef = 5E7A02072637201200DF7B53 /* UIView.swift */; };
		5E7A020C2637201200DF7B53 /* UIView.swift in Sources */ = {isa = PBXBuildFile; fileRef = 5E7A02072637201200DF7B53 /* UIView.swift */; };
		5E7A020D2637201200DF7B53 /* UIView.swift in Sources */ = {isa = PBXBuildFile; fileRef = 5E7A02072637201200DF7B53 /* UIView.swift */; };
		5E7A020E2637201200DF7B53 /* UIView.swift in Sources */ = {isa = PBXBuildFile; fileRef = 5E7A02072637201200DF7B53 /* UIView.swift */; };
		5E7A021826380A6300DF7B53 /* level2.txt in Resources */ = {isa = PBXBuildFile; fileRef = 5E7A021626380A6200DF7B53 /* level2.txt */; };
		5E7A021926380A6300DF7B53 /* level1.txt in Resources */ = {isa = PBXBuildFile; fileRef = 5E7A021726380A6300DF7B53 /* level1.txt */; };
		5E7A02282638509800DF7B53 /* AppDelegate.swift in Sources */ = {isa = PBXBuildFile; fileRef = 5E7A02272638509800DF7B53 /* AppDelegate.swift */; };
		5E7A022A2638509800DF7B53 /* SceneDelegate.swift in Sources */ = {isa = PBXBuildFile; fileRef = 5E7A02292638509800DF7B53 /* SceneDelegate.swift */; };
		5E7A022C2638509800DF7B53 /* ViewController.swift in Sources */ = {isa = PBXBuildFile; fileRef = 5E7A022B2638509800DF7B53 /* ViewController.swift */; };
		5E7A0231263850A300DF7B53 /* Assets.xcassets in Resources */ = {isa = PBXBuildFile; fileRef = 5E7A0230263850A300DF7B53 /* Assets.xcassets */; };
		5E7A025226385A7400DF7B53 /* PersonCollectionViewCell.swift in Sources */ = {isa = PBXBuildFile; fileRef = 5E7A025126385A7400DF7B53 /* PersonCollectionViewCell.swift */; };
		5E7A025C26397AE300DF7B53 /* Person.swift in Sources */ = {isa = PBXBuildFile; fileRef = 5E7A025B26397AE200DF7B53 /* Person.swift */; };
		5E7A02652639C02900DF7B53 /* UIView.swift in Sources */ = {isa = PBXBuildFile; fileRef = 5E7A02072637201200DF7B53 /* UIView.swift */; };
		5E7A026F2639D54F00DF7B53 /* PetitionViewCell.swift in Sources */ = {isa = PBXBuildFile; fileRef = 5E7A026E2639D54E00DF7B53 /* PetitionViewCell.swift */; };
		5E7AFF14262DA8A600DF7B53 /* AppDelegate.swift in Sources */ = {isa = PBXBuildFile; fileRef = 5E7AFF13262DA8A600DF7B53 /* AppDelegate.swift */; };
		5E7AFF16262DA8A600DF7B53 /* SceneDelegate.swift in Sources */ = {isa = PBXBuildFile; fileRef = 5E7AFF15262DA8A600DF7B53 /* SceneDelegate.swift */; };
		5E7AFF18262DA8A600DF7B53 /* ViewController.swift in Sources */ = {isa = PBXBuildFile; fileRef = 5E7AFF17262DA8A600DF7B53 /* ViewController.swift */; };
		5E7AFF1D262DA8A700DF7B53 /* Assets.xcassets in Resources */ = {isa = PBXBuildFile; fileRef = 5E7AFF1C262DA8A700DF7B53 /* Assets.xcassets */; };
		5E7AFF33262DAB0D00DF7B53 /* nssl0049.jpg in Resources */ = {isa = PBXBuildFile; fileRef = 5E7AFF29262DAB0D00DF7B53 /* nssl0049.jpg */; };
		5E7AFF34262DAB0E00DF7B53 /* nssl0046.jpg in Resources */ = {isa = PBXBuildFile; fileRef = 5E7AFF2A262DAB0D00DF7B53 /* nssl0046.jpg */; };
		5E7AFF35262DAB0E00DF7B53 /* nssl0091.jpg in Resources */ = {isa = PBXBuildFile; fileRef = 5E7AFF2B262DAB0D00DF7B53 /* nssl0091.jpg */; };
		5E7AFF36262DAB0E00DF7B53 /* nssl0045.jpg in Resources */ = {isa = PBXBuildFile; fileRef = 5E7AFF2C262DAB0D00DF7B53 /* nssl0045.jpg */; };
		5E7AFF37262DAB0E00DF7B53 /* nssl0051.jpg in Resources */ = {isa = PBXBuildFile; fileRef = 5E7AFF2D262DAB0D00DF7B53 /* nssl0051.jpg */; };
		5E7AFF38262DAB0E00DF7B53 /* nssl0041.jpg in Resources */ = {isa = PBXBuildFile; fileRef = 5E7AFF2E262DAB0D00DF7B53 /* nssl0041.jpg */; };
		5E7AFF39262DAB0E00DF7B53 /* nssl0042.jpg in Resources */ = {isa = PBXBuildFile; fileRef = 5E7AFF2F262DAB0D00DF7B53 /* nssl0042.jpg */; };
		5E7AFF3A262DAB0E00DF7B53 /* nssl0043.jpg in Resources */ = {isa = PBXBuildFile; fileRef = 5E7AFF30262DAB0D00DF7B53 /* nssl0043.jpg */; };
		5E7AFF3B262DAB0E00DF7B53 /* nssl0033.jpg in Resources */ = {isa = PBXBuildFile; fileRef = 5E7AFF31262DAB0D00DF7B53 /* nssl0033.jpg */; };
		5E7AFF3C262DAB0E00DF7B53 /* nssl0034.jpg in Resources */ = {isa = PBXBuildFile; fileRef = 5E7AFF32262DAB0D00DF7B53 /* nssl0034.jpg */; };
		5E7AFF43262DC48700DF7B53 /* DetailViewController.swift in Sources */ = {isa = PBXBuildFile; fileRef = 5E7AFF42262DC48700DF7B53 /* DetailViewController.swift */; };
		5E7AFFEC2631770600DF7B53 /* AppDelegate.swift in Sources */ = {isa = PBXBuildFile; fileRef = 5E7AFFEB2631770600DF7B53 /* AppDelegate.swift */; };
		5E7AFFEE2631770600DF7B53 /* SceneDelegate.swift in Sources */ = {isa = PBXBuildFile; fileRef = 5E7AFFED2631770600DF7B53 /* SceneDelegate.swift */; };
		5E7AFFF02631770600DF7B53 /* ViewController.swift in Sources */ = {isa = PBXBuildFile; fileRef = 5E7AFFEF2631770600DF7B53 /* ViewController.swift */; };
		5E7AFFF52631771600DF7B53 /* Assets.xcassets in Resources */ = {isa = PBXBuildFile; fileRef = 5E7AFFF42631771600DF7B53 /* Assets.xcassets */; };
/* End PBXBuildFile section */

/* Begin PBXFileReference section */
		5E7A00562631DA2C00DF7B53 /* Easy Browser.app */ = {isa = PBXFileReference; explicitFileType = wrapper.application; includeInIndex = 0; path = "Easy Browser.app"; sourceTree = BUILT_PRODUCTS_DIR; };
		5E7A00582631DA2C00DF7B53 /* AppDelegate.swift */ = {isa = PBXFileReference; lastKnownFileType = sourcecode.swift; path = AppDelegate.swift; sourceTree = "<group>"; };
		5E7A005A2631DA2C00DF7B53 /* SceneDelegate.swift */ = {isa = PBXFileReference; lastKnownFileType = sourcecode.swift; path = SceneDelegate.swift; sourceTree = "<group>"; };
		5E7A005C2631DA2C00DF7B53 /* ViewController.swift */ = {isa = PBXFileReference; lastKnownFileType = sourcecode.swift; path = ViewController.swift; sourceTree = "<group>"; };
		5E7A00612631DA3800DF7B53 /* Assets.xcassets */ = {isa = PBXFileReference; lastKnownFileType = folder.assetcatalog; path = Assets.xcassets; sourceTree = "<group>"; };
		5E7A00662631DA3800DF7B53 /* Info.plist */ = {isa = PBXFileReference; lastKnownFileType = text.plist.xml; path = Info.plist; sourceTree = "<group>"; };
		5E7A00702632E9EB00DF7B53 /* TableViewController.swift */ = {isa = PBXFileReference; lastKnownFileType = sourcecode.swift; path = TableViewController.swift; sourceTree = "<group>"; };
		5E7A00822632F0C700DF7B53 /* Word Scramble.app */ = {isa = PBXFileReference; explicitFileType = wrapper.application; includeInIndex = 0; path = "Word Scramble.app"; sourceTree = BUILT_PRODUCTS_DIR; };
		5E7A00842632F0C800DF7B53 /* AppDelegate.swift */ = {isa = PBXFileReference; lastKnownFileType = sourcecode.swift; path = AppDelegate.swift; sourceTree = "<group>"; };
		5E7A00862632F0C800DF7B53 /* SceneDelegate.swift */ = {isa = PBXFileReference; lastKnownFileType = sourcecode.swift; path = SceneDelegate.swift; sourceTree = "<group>"; };
		5E7A00882632F0C800DF7B53 /* ViewController.swift */ = {isa = PBXFileReference; lastKnownFileType = sourcecode.swift; path = ViewController.swift; sourceTree = "<group>"; };
		5E7A008D2632F0CF00DF7B53 /* Assets.xcassets */ = {isa = PBXFileReference; lastKnownFileType = folder.assetcatalog; path = Assets.xcassets; sourceTree = "<group>"; };
		5E7A00922632F0CF00DF7B53 /* Info.plist */ = {isa = PBXFileReference; lastKnownFileType = text.plist.xml; path = Info.plist; sourceTree = "<group>"; };
		5E7A009E2632F50100DF7B53 /* start.txt */ = {isa = PBXFileReference; fileEncoding = 4; lastKnownFileType = text; path = start.txt; sourceTree = "<group>"; };
		5E7A00AC2636BAA200DF7B53 /* Auto Layout.app */ = {isa = PBXFileReference; explicitFileType = wrapper.application; includeInIndex = 0; path = "Auto Layout.app"; sourceTree = BUILT_PRODUCTS_DIR; };
		5E7A00AE2636BAA300DF7B53 /* AppDelegate.swift */ = {isa = PBXFileReference; lastKnownFileType = sourcecode.swift; path = AppDelegate.swift; sourceTree = "<group>"; };
		5E7A00B02636BAA300DF7B53 /* SceneDelegate.swift */ = {isa = PBXFileReference; lastKnownFileType = sourcecode.swift; path = SceneDelegate.swift; sourceTree = "<group>"; };
		5E7A00B22636BAA300DF7B53 /* ViewController.swift */ = {isa = PBXFileReference; lastKnownFileType = sourcecode.swift; path = ViewController.swift; sourceTree = "<group>"; };
		5E7A00B72636BAA900DF7B53 /* Assets.xcassets */ = {isa = PBXFileReference; lastKnownFileType = folder.assetcatalog; path = Assets.xcassets; sourceTree = "<group>"; };
		5E7A00BC2636BAA900DF7B53 /* Info.plist */ = {isa = PBXFileReference; lastKnownFileType = text.plist.xml; path = Info.plist; sourceTree = "<group>"; };
		5E7A00FB2636DE1200DF7B53 /* Whitehouse Petitions.app */ = {isa = PBXFileReference; explicitFileType = wrapper.application; includeInIndex = 0; path = "Whitehouse Petitions.app"; sourceTree = BUILT_PRODUCTS_DIR; };
		5E7A00FD2636DE1200DF7B53 /* AppDelegate.swift */ = {isa = PBXFileReference; lastKnownFileType = sourcecode.swift; path = AppDelegate.swift; sourceTree = "<group>"; };
		5E7A00FF2636DE1200DF7B53 /* SceneDelegate.swift */ = {isa = PBXFileReference; lastKnownFileType = sourcecode.swift; path = SceneDelegate.swift; sourceTree = "<group>"; };
		5E7A01012636DE1300DF7B53 /* ViewController.swift */ = {isa = PBXFileReference; lastKnownFileType = sourcecode.swift; path = ViewController.swift; sourceTree = "<group>"; };
		5E7A01062636DE1C00DF7B53 /* Assets.xcassets */ = {isa = PBXFileReference; lastKnownFileType = folder.assetcatalog; path = Assets.xcassets; sourceTree = "<group>"; };
		5E7A010B2636DE1C00DF7B53 /* Info.plist */ = {isa = PBXFileReference; lastKnownFileType = text.plist.xml; path = Info.plist; sourceTree = "<group>"; };
		5E7A01212636E2B700DF7B53 /* TabBarController.swift */ = {isa = PBXFileReference; lastKnownFileType = sourcecode.swift; path = TabBarController.swift; sourceTree = "<group>"; };
		5E7A01912636EF5100DF7B53 /* Petition.swift */ = {isa = PBXFileReference; lastKnownFileType = sourcecode.swift; path = Petition.swift; sourceTree = "<group>"; };
		5E7A019F2636EF7900DF7B53 /* Petitions.swift */ = {isa = PBXFileReference; lastKnownFileType = sourcecode.swift; path = Petitions.swift; sourceTree = "<group>"; };
		5E7A01AD2636F57F00DF7B53 /* DetailViewController.swift */ = {isa = PBXFileReference; lastKnownFileType = sourcecode.swift; path = DetailViewController.swift; sourceTree = "<group>"; };
		5E7A01BF26371C8B00DF7B53 /* 7 Swifty Words.app */ = {isa = PBXFileReference; explicitFileType = wrapper.application; includeInIndex = 0; path = "7 Swifty Words.app"; sourceTree = BUILT_PRODUCTS_DIR; };
		5E7A01C126371C8C00DF7B53 /* AppDelegate.swift */ = {isa = PBXFileReference; lastKnownFileType = sourcecode.swift; path = AppDelegate.swift; sourceTree = "<group>"; };
		5E7A01C326371C8C00DF7B53 /* SceneDelegate.swift */ = {isa = PBXFileReference; lastKnownFileType = sourcecode.swift; path = SceneDelegate.swift; sourceTree = "<group>"; };
		5E7A01C526371C8C00DF7B53 /* ViewController.swift */ = {isa = PBXFileReference; lastKnownFileType = sourcecode.swift; path = ViewController.swift; sourceTree = "<group>"; };
		5E7A01CA26371C9100DF7B53 /* Assets.xcassets */ = {isa = PBXFileReference; lastKnownFileType = folder.assetcatalog; path = Assets.xcassets; sourceTree = "<group>"; };
		5E7A01CF26371C9100DF7B53 /* Info.plist */ = {isa = PBXFileReference; lastKnownFileType = text.plist.xml; path = Info.plist; sourceTree = "<group>"; };
		5E7A02072637201200DF7B53 /* UIView.swift */ = {isa = PBXFileReference; lastKnownFileType = sourcecode.swift; path = UIView.swift; sourceTree = "<group>"; };
		5E7A021626380A6200DF7B53 /* level2.txt */ = {isa = PBXFileReference; fileEncoding = 4; lastKnownFileType = text; path = level2.txt; sourceTree = "<group>"; };
		5E7A021726380A6300DF7B53 /* level1.txt */ = {isa = PBXFileReference; fileEncoding = 4; lastKnownFileType = text; path = level1.txt; sourceTree = "<group>"; };
		5E7A02252638509700DF7B53 /* Names to Faces.app */ = {isa = PBXFileReference; explicitFileType = wrapper.application; includeInIndex = 0; path = "Names to Faces.app"; sourceTree = BUILT_PRODUCTS_DIR; };
		5E7A02272638509800DF7B53 /* AppDelegate.swift */ = {isa = PBXFileReference; lastKnownFileType = sourcecode.swift; path = AppDelegate.swift; sourceTree = "<group>"; };
		5E7A02292638509800DF7B53 /* SceneDelegate.swift */ = {isa = PBXFileReference; lastKnownFileType = sourcecode.swift; path = SceneDelegate.swift; sourceTree = "<group>"; };
		5E7A022B2638509800DF7B53 /* ViewController.swift */ = {isa = PBXFileReference; lastKnownFileType = sourcecode.swift; path = ViewController.swift; sourceTree = "<group>"; };
		5E7A0230263850A300DF7B53 /* Assets.xcassets */ = {isa = PBXFileReference; lastKnownFileType = folder.assetcatalog; path = Assets.xcassets; sourceTree = "<group>"; };
		5E7A0235263850A300DF7B53 /* Info.plist */ = {isa = PBXFileReference; lastKnownFileType = text.plist.xml; path = Info.plist; sourceTree = "<group>"; };
		5E7A025126385A7400DF7B53 /* PersonCollectionViewCell.swift */ = {isa = PBXFileReference; lastKnownFileType = sourcecode.swift; path = PersonCollectionViewCell.swift; sourceTree = "<group>"; };
		5E7A025B26397AE200DF7B53 /* Person.swift */ = {isa = PBXFileReference; lastKnownFileType = sourcecode.swift; path = Person.swift; sourceTree = "<group>"; };
		5E7A026E2639D54E00DF7B53 /* PetitionViewCell.swift */ = {isa = PBXFileReference; lastKnownFileType = sourcecode.swift; path = PetitionViewCell.swift; sourceTree = "<group>"; };
		5E7AFF10262DA8A600DF7B53 /* testuikit.app */ = {isa = PBXFileReference; explicitFileType = wrapper.application; includeInIndex = 0; path = testuikit.app; sourceTree = BUILT_PRODUCTS_DIR; };
		5E7AFF13262DA8A600DF7B53 /* AppDelegate.swift */ = {isa = PBXFileReference; lastKnownFileType = sourcecode.swift; path = AppDelegate.swift; sourceTree = "<group>"; };
		5E7AFF15262DA8A600DF7B53 /* SceneDelegate.swift */ = {isa = PBXFileReference; lastKnownFileType = sourcecode.swift; path = SceneDelegate.swift; sourceTree = "<group>"; };
		5E7AFF17262DA8A600DF7B53 /* ViewController.swift */ = {isa = PBXFileReference; lastKnownFileType = sourcecode.swift; path = ViewController.swift; sourceTree = "<group>"; };
		5E7AFF1C262DA8A700DF7B53 /* Assets.xcassets */ = {isa = PBXFileReference; lastKnownFileType = folder.assetcatalog; path = Assets.xcassets; sourceTree = "<group>"; };
		5E7AFF21262DA8A700DF7B53 /* Info.plist */ = {isa = PBXFileReference; lastKnownFileType = text.plist.xml; path = Info.plist; sourceTree = "<group>"; };
		5E7AFF29262DAB0D00DF7B53 /* nssl0049.jpg */ = {isa = PBXFileReference; lastKnownFileType = image.jpeg; path = nssl0049.jpg; sourceTree = "<group>"; };
		5E7AFF2A262DAB0D00DF7B53 /* nssl0046.jpg */ = {isa = PBXFileReference; lastKnownFileType = image.jpeg; path = nssl0046.jpg; sourceTree = "<group>"; };
		5E7AFF2B262DAB0D00DF7B53 /* nssl0091.jpg */ = {isa = PBXFileReference; lastKnownFileType = image.jpeg; path = nssl0091.jpg; sourceTree = "<group>"; };
		5E7AFF2C262DAB0D00DF7B53 /* nssl0045.jpg */ = {isa = PBXFileReference; lastKnownFileType = image.jpeg; path = nssl0045.jpg; sourceTree = "<group>"; };
		5E7AFF2D262DAB0D00DF7B53 /* nssl0051.jpg */ = {isa = PBXFileReference; lastKnownFileType = image.jpeg; path = nssl0051.jpg; sourceTree = "<group>"; };
		5E7AFF2E262DAB0D00DF7B53 /* nssl0041.jpg */ = {isa = PBXFileReference; lastKnownFileType = image.jpeg; path = nssl0041.jpg; sourceTree = "<group>"; };
		5E7AFF2F262DAB0D00DF7B53 /* nssl0042.jpg */ = {isa = PBXFileReference; lastKnownFileType = image.jpeg; path = nssl0042.jpg; sourceTree = "<group>"; };
		5E7AFF30262DAB0D00DF7B53 /* nssl0043.jpg */ = {isa = PBXFileReference; lastKnownFileType = image.jpeg; path = nssl0043.jpg; sourceTree = "<group>"; };
		5E7AFF31262DAB0D00DF7B53 /* nssl0033.jpg */ = {isa = PBXFileReference; lastKnownFileType = image.jpeg; path = nssl0033.jpg; sourceTree = "<group>"; };
		5E7AFF32262DAB0D00DF7B53 /* nssl0034.jpg */ = {isa = PBXFileReference; lastKnownFileType = image.jpeg; path = nssl0034.jpg; sourceTree = "<group>"; };
		5E7AFF42262DC48700DF7B53 /* DetailViewController.swift */ = {isa = PBXFileReference; lastKnownFileType = sourcecode.swift; path = DetailViewController.swift; sourceTree = "<group>"; };
		5E7AFFE92631770500DF7B53 /* Guess the Flag.app */ = {isa = PBXFileReference; explicitFileType = wrapper.application; includeInIndex = 0; path = "Guess the Flag.app"; sourceTree = BUILT_PRODUCTS_DIR; };
		5E7AFFEB2631770600DF7B53 /* AppDelegate.swift */ = {isa = PBXFileReference; lastKnownFileType = sourcecode.swift; path = AppDelegate.swift; sourceTree = "<group>"; };
		5E7AFFED2631770600DF7B53 /* SceneDelegate.swift */ = {isa = PBXFileReference; lastKnownFileType = sourcecode.swift; path = SceneDelegate.swift; sourceTree = "<group>"; };
		5E7AFFEF2631770600DF7B53 /* ViewController.swift */ = {isa = PBXFileReference; lastKnownFileType = sourcecode.swift; path = ViewController.swift; sourceTree = "<group>"; };
		5E7AFFF42631771600DF7B53 /* Assets.xcassets */ = {isa = PBXFileReference; lastKnownFileType = folder.assetcatalog; path = Assets.xcassets; sourceTree = "<group>"; };
		5E7AFFF92631771600DF7B53 /* Info.plist */ = {isa = PBXFileReference; lastKnownFileType = text.plist.xml; path = Info.plist; sourceTree = "<group>"; };
/* End PBXFileReference section */

/* Begin PBXFrameworksBuildPhase section */
		5E7A00532631DA2C00DF7B53 /* Frameworks */ = {
			isa = PBXFrameworksBuildPhase;
			buildActionMask = 2147483647;
			files = (
			);
			runOnlyForDeploymentPostprocessing = 0;
		};
		5E7A007F2632F0C700DF7B53 /* Frameworks */ = {
			isa = PBXFrameworksBuildPhase;
			buildActionMask = 2147483647;
			files = (
			);
			runOnlyForDeploymentPostprocessing = 0;
		};
		5E7A00A92636BAA200DF7B53 /* Frameworks */ = {
			isa = PBXFrameworksBuildPhase;
			buildActionMask = 2147483647;
			files = (
			);
			runOnlyForDeploymentPostprocessing = 0;
		};
		5E7A00F82636DE1100DF7B53 /* Frameworks */ = {
			isa = PBXFrameworksBuildPhase;
			buildActionMask = 2147483647;
			files = (
			);
			runOnlyForDeploymentPostprocessing = 0;
		};
		5E7A01BC26371C8B00DF7B53 /* Frameworks */ = {
			isa = PBXFrameworksBuildPhase;
			buildActionMask = 2147483647;
			files = (
			);
			runOnlyForDeploymentPostprocessing = 0;
		};
		5E7A02222638509600DF7B53 /* Frameworks */ = {
			isa = PBXFrameworksBuildPhase;
			buildActionMask = 2147483647;
			files = (
			);
			runOnlyForDeploymentPostprocessing = 0;
		};
		5E7AFF0D262DA8A600DF7B53 /* Frameworks */ = {
			isa = PBXFrameworksBuildPhase;
			buildActionMask = 2147483647;
			files = (
			);
			runOnlyForDeploymentPostprocessing = 0;
		};
		5E7AFFE62631770500DF7B53 /* Frameworks */ = {
			isa = PBXFrameworksBuildPhase;
			buildActionMask = 2147483647;
			files = (
			);
			runOnlyForDeploymentPostprocessing = 0;
		};
/* End PBXFrameworksBuildPhase section */

/* Begin PBXGroup section */
		5E7A00572631DA2C00DF7B53 /* Easy Browser */ = {
			isa = PBXGroup;
			children = (
				5E7A00582631DA2C00DF7B53 /* AppDelegate.swift */,
				5E7A005A2631DA2C00DF7B53 /* SceneDelegate.swift */,
				5E7A005C2631DA2C00DF7B53 /* ViewController.swift */,
				5E7A00612631DA3800DF7B53 /* Assets.xcassets */,
				5E7A00662631DA3800DF7B53 /* Info.plist */,
				5E7A00702632E9EB00DF7B53 /* TableViewController.swift */,
			);
			path = "Easy Browser";
			sourceTree = "<group>";
		};
		5E7A00832632F0C800DF7B53 /* Word Scramble */ = {
			isa = PBXGroup;
			children = (
				5E7A00842632F0C800DF7B53 /* AppDelegate.swift */,
				5E7A00862632F0C800DF7B53 /* SceneDelegate.swift */,
				5E7A00882632F0C800DF7B53 /* ViewController.swift */,
				5E7A008D2632F0CF00DF7B53 /* Assets.xcassets */,
				5E7A009E2632F50100DF7B53 /* start.txt */,
				5E7A00922632F0CF00DF7B53 /* Info.plist */,
			);
			path = "Word Scramble";
			sourceTree = "<group>";
		};
		5E7A00AD2636BAA300DF7B53 /* Auto Layout */ = {
			isa = PBXGroup;
			children = (
				5E7A00AE2636BAA300DF7B53 /* AppDelegate.swift */,
				5E7A00B02636BAA300DF7B53 /* SceneDelegate.swift */,
				5E7A00B22636BAA300DF7B53 /* ViewController.swift */,
				5E7A00B72636BAA900DF7B53 /* Assets.xcassets */,
				5E7A00BC2636BAA900DF7B53 /* Info.plist */,
			);
			path = "Auto Layout";
			sourceTree = "<group>";
		};
		5E7A00FC2636DE1200DF7B53 /* Whitehouse Petitions */ = {
			isa = PBXGroup;
			children = (
				5E7A017C2636EEAF00DF7B53 /* Models */,
				5E7A00FD2636DE1200DF7B53 /* AppDelegate.swift */,
				5E7A00FF2636DE1200DF7B53 /* SceneDelegate.swift */,
				5E7A01012636DE1300DF7B53 /* ViewController.swift */,
				5E7A01062636DE1C00DF7B53 /* Assets.xcassets */,
				5E7A010B2636DE1C00DF7B53 /* Info.plist */,
				5E7A01212636E2B700DF7B53 /* TabBarController.swift */,
				5E7A01AD2636F57F00DF7B53 /* DetailViewController.swift */,
				5E7A026E2639D54E00DF7B53 /* PetitionViewCell.swift */,
			);
			path = "Whitehouse Petitions";
			sourceTree = "<group>";
		};
		5E7A017C2636EEAF00DF7B53 /* Models */ = {
			isa = PBXGroup;
			children = (
				5E7A01912636EF5100DF7B53 /* Petition.swift */,
				5E7A019F2636EF7900DF7B53 /* Petitions.swift */,
			);
			path = Models;
			sourceTree = "<group>";
		};
		5E7A01C026371C8C00DF7B53 /* 7 Swifty Words */ = {
			isa = PBXGroup;
			children = (
				5E7A021726380A6300DF7B53 /* level1.txt */,
				5E7A021626380A6200DF7B53 /* level2.txt */,
				5E7A01C126371C8C00DF7B53 /* AppDelegate.swift */,
				5E7A01C326371C8C00DF7B53 /* SceneDelegate.swift */,
				5E7A01C526371C8C00DF7B53 /* ViewController.swift */,
				5E7A01CA26371C9100DF7B53 /* Assets.xcassets */,
				5E7A01CF26371C9100DF7B53 /* Info.plist */,
			);
			path = "7 Swifty Words";
			sourceTree = "<group>";
		};
		5E7A02262638509700DF7B53 /* Names to Faces */ = {
			isa = PBXGroup;
			children = (
				5E7A02272638509800DF7B53 /* AppDelegate.swift */,
				5E7A02292638509800DF7B53 /* SceneDelegate.swift */,
				5E7A022B2638509800DF7B53 /* ViewController.swift */,
				5E7A0230263850A300DF7B53 /* Assets.xcassets */,
				5E7A0235263850A300DF7B53 /* Info.plist */,
				5E7A025126385A7400DF7B53 /* PersonCollectionViewCell.swift */,
				5E7A025B26397AE200DF7B53 /* Person.swift */,
			);
			path = "Names to Faces";
			sourceTree = "<group>";
		};
		5E7AFF07262DA8A600DF7B53 = {
			isa = PBXGroup;
			children = (
				5E7AFFE026316B2300DF7B53 /* Extensions */,
				5E7AFF12262DA8A600DF7B53 /* testuikit */,
				5E7AFFEA2631770600DF7B53 /* Guess the Flag */,
				5E7A00572631DA2C00DF7B53 /* Easy Browser */,
				5E7A00832632F0C800DF7B53 /* Word Scramble */,
				5E7A00AD2636BAA300DF7B53 /* Auto Layout */,
				5E7A00FC2636DE1200DF7B53 /* Whitehouse Petitions */,
				5E7A01C026371C8C00DF7B53 /* 7 Swifty Words */,
				5E7A02262638509700DF7B53 /* Names to Faces */,
				5E7AFF11262DA8A600DF7B53 /* Products */,
			);
			sourceTree = "<group>";
		};
		5E7AFF11262DA8A600DF7B53 /* Products */ = {
			isa = PBXGroup;
			children = (
				5E7AFF10262DA8A600DF7B53 /* testuikit.app */,
				5E7AFFE92631770500DF7B53 /* Guess the Flag.app */,
				5E7A00562631DA2C00DF7B53 /* Easy Browser.app */,
				5E7A00822632F0C700DF7B53 /* Word Scramble.app */,
				5E7A00AC2636BAA200DF7B53 /* Auto Layout.app */,
				5E7A00FB2636DE1200DF7B53 /* Whitehouse Petitions.app */,
				5E7A01BF26371C8B00DF7B53 /* 7 Swifty Words.app */,
				5E7A02252638509700DF7B53 /* Names to Faces.app */,
			);
			name = Products;
			sourceTree = "<group>";
		};
		5E7AFF12262DA8A600DF7B53 /* testuikit */ = {
			isa = PBXGroup;
			children = (
				5E7AFF13262DA8A600DF7B53 /* AppDelegate.swift */,
				5E7AFF15262DA8A600DF7B53 /* SceneDelegate.swift */,
				5E7AFF17262DA8A600DF7B53 /* ViewController.swift */,
				5E7AFF42262DC48700DF7B53 /* DetailViewController.swift */,
				5E7AFF1C262DA8A700DF7B53 /* Assets.xcassets */,
				5E7AFF21262DA8A700DF7B53 /* Info.plist */,
				5E7AFF28262DAB0D00DF7B53 /* Content */,
			);
			path = testuikit;
			sourceTree = "<group>";
		};
		5E7AFF28262DAB0D00DF7B53 /* Content */ = {
			isa = PBXGroup;
			children = (
				5E7AFF29262DAB0D00DF7B53 /* nssl0049.jpg */,
				5E7AFF2A262DAB0D00DF7B53 /* nssl0046.jpg */,
				5E7AFF2B262DAB0D00DF7B53 /* nssl0091.jpg */,
				5E7AFF2C262DAB0D00DF7B53 /* nssl0045.jpg */,
				5E7AFF2D262DAB0D00DF7B53 /* nssl0051.jpg */,
				5E7AFF2E262DAB0D00DF7B53 /* nssl0041.jpg */,
				5E7AFF2F262DAB0D00DF7B53 /* nssl0042.jpg */,
				5E7AFF30262DAB0D00DF7B53 /* nssl0043.jpg */,
				5E7AFF31262DAB0D00DF7B53 /* nssl0033.jpg */,
				5E7AFF32262DAB0D00DF7B53 /* nssl0034.jpg */,
			);
			path = Content;
			sourceTree = "<group>";
		};
		5E7AFFE026316B2300DF7B53 /* Extensions */ = {
			isa = PBXGroup;
			children = (
				5E7A02072637201200DF7B53 /* UIView.swift */,
			);
			path = Extensions;
			sourceTree = "<group>";
		};
		5E7AFFEA2631770600DF7B53 /* Guess the Flag */ = {
			isa = PBXGroup;
			children = (
				5E7AFFEB2631770600DF7B53 /* AppDelegate.swift */,
				5E7AFFED2631770600DF7B53 /* SceneDelegate.swift */,
				5E7AFFEF2631770600DF7B53 /* ViewController.swift */,
				5E7AFFF42631771600DF7B53 /* Assets.xcassets */,
				5E7AFFF92631771600DF7B53 /* Info.plist */,
			);
			path = "Guess the Flag";
			sourceTree = "<group>";
		};
/* End PBXGroup section */

/* Begin PBXNativeTarget section */
		5E7A00552631DA2C00DF7B53 /* Easy Browser */ = {
			isa = PBXNativeTarget;
			buildConfigurationList = 5E7A00672631DA3800DF7B53 /* Build configuration list for PBXNativeTarget "Easy Browser" */;
			buildPhases = (
				5E7A00522631DA2C00DF7B53 /* Sources */,
				5E7A00532631DA2C00DF7B53 /* Frameworks */,
				5E7A00542631DA2C00DF7B53 /* Resources */,
			);
			buildRules = (
			);
			dependencies = (
			);
			name = "Easy Browser";
			productName = "Easy Browser";
			productReference = 5E7A00562631DA2C00DF7B53 /* Easy Browser.app */;
			productType = "com.apple.product-type.application";
		};
		5E7A00812632F0C700DF7B53 /* Word Scramble */ = {
			isa = PBXNativeTarget;
			buildConfigurationList = 5E7A00932632F0CF00DF7B53 /* Build configuration list for PBXNativeTarget "Word Scramble" */;
			buildPhases = (
				5E7A007E2632F0C700DF7B53 /* Sources */,
				5E7A007F2632F0C700DF7B53 /* Frameworks */,
				5E7A00802632F0C700DF7B53 /* Resources */,
			);
			buildRules = (
			);
			dependencies = (
			);
			name = "Word Scramble";
			productName = "Word Scramble";
			productReference = 5E7A00822632F0C700DF7B53 /* Word Scramble.app */;
			productType = "com.apple.product-type.application";
		};
		5E7A00AB2636BAA200DF7B53 /* Auto Layout */ = {
			isa = PBXNativeTarget;
			buildConfigurationList = 5E7A00BD2636BAAA00DF7B53 /* Build configuration list for PBXNativeTarget "Auto Layout" */;
			buildPhases = (
				5E7A00A82636BAA200DF7B53 /* Sources */,
				5E7A00A92636BAA200DF7B53 /* Frameworks */,
				5E7A00AA2636BAA200DF7B53 /* Resources */,
			);
			buildRules = (
			);
			dependencies = (
			);
			name = "Auto Layout";
			productName = "Auto Layout";
			productReference = 5E7A00AC2636BAA200DF7B53 /* Auto Layout.app */;
			productType = "com.apple.product-type.application";
		};
		5E7A00FA2636DE1100DF7B53 /* Whitehouse Petitions */ = {
			isa = PBXNativeTarget;
			buildConfigurationList = 5E7A010C2636DE1C00DF7B53 /* Build configuration list for PBXNativeTarget "Whitehouse Petitions" */;
			buildPhases = (
				5E7A00F72636DE1100DF7B53 /* Sources */,
				5E7A00F82636DE1100DF7B53 /* Frameworks */,
				5E7A00F92636DE1100DF7B53 /* Resources */,
			);
			buildRules = (
			);
			dependencies = (
			);
			name = "Whitehouse Petitions";
			productName = "Whitehouse Petitions";
			productReference = 5E7A00FB2636DE1200DF7B53 /* Whitehouse Petitions.app */;
			productType = "com.apple.product-type.application";
		};
		5E7A01BE26371C8B00DF7B53 /* 7 Swifty Words */ = {
			isa = PBXNativeTarget;
			buildConfigurationList = 5E7A01D026371C9100DF7B53 /* Build configuration list for PBXNativeTarget "7 Swifty Words" */;
			buildPhases = (
				5E7A01BB26371C8B00DF7B53 /* Sources */,
				5E7A01BC26371C8B00DF7B53 /* Frameworks */,
				5E7A01BD26371C8B00DF7B53 /* Resources */,
			);
			buildRules = (
			);
			dependencies = (
			);
			name = "7 Swifty Words";
			productName = "7 Swifty Words";
			productReference = 5E7A01BF26371C8B00DF7B53 /* 7 Swifty Words.app */;
			productType = "com.apple.product-type.application";
		};
		5E7A02242638509600DF7B53 /* Names to Faces */ = {
			isa = PBXNativeTarget;
			buildConfigurationList = 5E7A0236263850A300DF7B53 /* Build configuration list for PBXNativeTarget "Names to Faces" */;
			buildPhases = (
				5E7A02212638509600DF7B53 /* Sources */,
				5E7A02222638509600DF7B53 /* Frameworks */,
				5E7A02232638509600DF7B53 /* Resources */,
			);
			buildRules = (
			);
			dependencies = (
			);
			name = "Names to Faces";
			productName = "Names to Faces";
			productReference = 5E7A02252638509700DF7B53 /* Names to Faces.app */;
			productType = "com.apple.product-type.application";
		};
		5E7AFF0F262DA8A600DF7B53 /* testuikit */ = {
			isa = PBXNativeTarget;
			buildConfigurationList = 5E7AFF24262DA8A700DF7B53 /* Build configuration list for PBXNativeTarget "testuikit" */;
			buildPhases = (
				5E7AFF0C262DA8A600DF7B53 /* Sources */,
				5E7AFF0D262DA8A600DF7B53 /* Frameworks */,
				5E7AFF0E262DA8A600DF7B53 /* Resources */,
			);
			buildRules = (
			);
			dependencies = (
			);
			name = testuikit;
			productName = testuikit;
			productReference = 5E7AFF10262DA8A600DF7B53 /* testuikit.app */;
			productType = "com.apple.product-type.application";
		};
		5E7AFFE82631770500DF7B53 /* Guess the Flag */ = {
			isa = PBXNativeTarget;
			buildConfigurationList = 5E7AFFFA2631771600DF7B53 /* Build configuration list for PBXNativeTarget "Guess the Flag" */;
			buildPhases = (
				5E7AFFE52631770500DF7B53 /* Sources */,
				5E7AFFE62631770500DF7B53 /* Frameworks */,
				5E7AFFE72631770500DF7B53 /* Resources */,
			);
			buildRules = (
			);
			dependencies = (
			);
			name = "Guess the Flag";
			productName = "Guess the Flag";
			productReference = 5E7AFFE92631770500DF7B53 /* Guess the Flag.app */;
			productType = "com.apple.product-type.application";
		};
/* End PBXNativeTarget section */

/* Begin PBXProject section */
		5E7AFF08262DA8A600DF7B53 /* Project object */ = {
			isa = PBXProject;
			attributes = {
				LastSwiftUpdateCheck = 1240;
				LastUpgradeCheck = 1240;
				TargetAttributes = {
					5E7A00552631DA2C00DF7B53 = {
						CreatedOnToolsVersion = 12.4;
					};
					5E7A00812632F0C700DF7B53 = {
						CreatedOnToolsVersion = 12.4;
					};
					5E7A00AB2636BAA200DF7B53 = {
						CreatedOnToolsVersion = 12.4;
					};
					5E7A00FA2636DE1100DF7B53 = {
						CreatedOnToolsVersion = 12.4;
					};
					5E7A01BE26371C8B00DF7B53 = {
						CreatedOnToolsVersion = 12.4;
					};
					5E7A02242638509600DF7B53 = {
						CreatedOnToolsVersion = 12.4;
					};
					5E7AFF0F262DA8A600DF7B53 = {
						CreatedOnToolsVersion = 12.4;
					};
					5E7AFFE82631770500DF7B53 = {
						CreatedOnToolsVersion = 12.4;
					};
				};
			};
			buildConfigurationList = 5E7AFF0B262DA8A600DF7B53 /* Build configuration list for PBXProject "testuikit" */;
			compatibilityVersion = "Xcode 9.3";
			developmentRegion = en;
			hasScannedForEncodings = 0;
			knownRegions = (
				en,
				Base,
			);
			mainGroup = 5E7AFF07262DA8A600DF7B53;
			productRefGroup = 5E7AFF11262DA8A600DF7B53 /* Products */;
			projectDirPath = "";
			projectRoot = "";
			targets = (
				5E7AFF0F262DA8A600DF7B53 /* testuikit */,
				5E7AFFE82631770500DF7B53 /* Guess the Flag */,
				5E7A00552631DA2C00DF7B53 /* Easy Browser */,
				5E7A00812632F0C700DF7B53 /* Word Scramble */,
				5E7A00AB2636BAA200DF7B53 /* Auto Layout */,
				5E7A00FA2636DE1100DF7B53 /* Whitehouse Petitions */,
				5E7A01BE26371C8B00DF7B53 /* 7 Swifty Words */,
				5E7A02242638509600DF7B53 /* Names to Faces */,
			);
		};
/* End PBXProject section */

/* Begin PBXResourcesBuildPhase section */
		5E7A00542631DA2C00DF7B53 /* Resources */ = {
			isa = PBXResourcesBuildPhase;
			buildActionMask = 2147483647;
			files = (
				5E7A00622631DA3800DF7B53 /* Assets.xcassets in Resources */,
			);
			runOnlyForDeploymentPostprocessing = 0;
		};
		5E7A00802632F0C700DF7B53 /* Resources */ = {
			isa = PBXResourcesBuildPhase;
			buildActionMask = 2147483647;
			files = (
				5E7A009F2632F50100DF7B53 /* start.txt in Resources */,
				5E7A008E2632F0CF00DF7B53 /* Assets.xcassets in Resources */,
			);
			runOnlyForDeploymentPostprocessing = 0;
		};
		5E7A00AA2636BAA200DF7B53 /* Resources */ = {
			isa = PBXResourcesBuildPhase;
			buildActionMask = 2147483647;
			files = (
				5E7A00B82636BAA900DF7B53 /* Assets.xcassets in Resources */,
			);
			runOnlyForDeploymentPostprocessing = 0;
		};
		5E7A00F92636DE1100DF7B53 /* Resources */ = {
			isa = PBXResourcesBuildPhase;
			buildActionMask = 2147483647;
			files = (
				5E7A01072636DE1C00DF7B53 /* Assets.xcassets in Resources */,
			);
			runOnlyForDeploymentPostprocessing = 0;
		};
		5E7A01BD26371C8B00DF7B53 /* Resources */ = {
			isa = PBXResourcesBuildPhase;
			buildActionMask = 2147483647;
			files = (
				5E7A021926380A6300DF7B53 /* level1.txt in Resources */,
				5E7A021826380A6300DF7B53 /* level2.txt in Resources */,
				5E7A01CB26371C9100DF7B53 /* Assets.xcassets in Resources */,
			);
			runOnlyForDeploymentPostprocessing = 0;
		};
		5E7A02232638509600DF7B53 /* Resources */ = {
			isa = PBXResourcesBuildPhase;
			buildActionMask = 2147483647;
			files = (
				5E7A0231263850A300DF7B53 /* Assets.xcassets in Resources */,
			);
			runOnlyForDeploymentPostprocessing = 0;
		};
		5E7AFF0E262DA8A600DF7B53 /* Resources */ = {
			isa = PBXResourcesBuildPhase;
			buildActionMask = 2147483647;
			files = (
				5E7AFF34262DAB0E00DF7B53 /* nssl0046.jpg in Resources */,
				5E7AFF3B262DAB0E00DF7B53 /* nssl0033.jpg in Resources */,
				5E7AFF37262DAB0E00DF7B53 /* nssl0051.jpg in Resources */,
				5E7AFF35262DAB0E00DF7B53 /* nssl0091.jpg in Resources */,
				5E7AFF3A262DAB0E00DF7B53 /* nssl0043.jpg in Resources */,
				5E7AFF3C262DAB0E00DF7B53 /* nssl0034.jpg in Resources */,
				5E7AFF33262DAB0D00DF7B53 /* nssl0049.jpg in Resources */,
				5E7AFF38262DAB0E00DF7B53 /* nssl0041.jpg in Resources */,
				5E7AFF39262DAB0E00DF7B53 /* nssl0042.jpg in Resources */,
				5E7AFF1D262DA8A700DF7B53 /* Assets.xcassets in Resources */,
				5E7AFF36262DAB0E00DF7B53 /* nssl0045.jpg in Resources */,
			);
			runOnlyForDeploymentPostprocessing = 0;
		};
		5E7AFFE72631770500DF7B53 /* Resources */ = {
			isa = PBXResourcesBuildPhase;
			buildActionMask = 2147483647;
			files = (
				5E7AFFF52631771600DF7B53 /* Assets.xcassets in Resources */,
			);
			runOnlyForDeploymentPostprocessing = 0;
		};
/* End PBXResourcesBuildPhase section */

/* Begin PBXSourcesBuildPhase section */
		5E7A00522631DA2C00DF7B53 /* Sources */ = {
			isa = PBXSourcesBuildPhase;
			buildActionMask = 2147483647;
			files = (
				5E7A020A2637201200DF7B53 /* UIView.swift in Sources */,
				5E7A005D2631DA2C00DF7B53 /* ViewController.swift in Sources */,
				5E7A00592631DA2C00DF7B53 /* AppDelegate.swift in Sources */,
				5E7A005B2631DA2C00DF7B53 /* SceneDelegate.swift in Sources */,
				5E7A00712632E9EC00DF7B53 /* TableViewController.swift in Sources */,
			);
			runOnlyForDeploymentPostprocessing = 0;
		};
		5E7A007E2632F0C700DF7B53 /* Sources */ = {
			isa = PBXSourcesBuildPhase;
			buildActionMask = 2147483647;
			files = (
				5E7A020B2637201200DF7B53 /* UIView.swift in Sources */,
				5E7A00892632F0C800DF7B53 /* ViewController.swift in Sources */,
				5E7A00852632F0C800DF7B53 /* AppDelegate.swift in Sources */,
				5E7A00872632F0C800DF7B53 /* SceneDelegate.swift in Sources */,
			);
			runOnlyForDeploymentPostprocessing = 0;
		};
		5E7A00A82636BAA200DF7B53 /* Sources */ = {
			isa = PBXSourcesBuildPhase;
			buildActionMask = 2147483647;
			files = (
				5E7A020C2637201200DF7B53 /* UIView.swift in Sources */,
				5E7A00B32636BAA300DF7B53 /* ViewController.swift in Sources */,
				5E7A00AF2636BAA300DF7B53 /* AppDelegate.swift in Sources */,
				5E7A00B12636BAA300DF7B53 /* SceneDelegate.swift in Sources */,
			);
			runOnlyForDeploymentPostprocessing = 0;
		};
		5E7A00F72636DE1100DF7B53 /* Sources */ = {
			isa = PBXSourcesBuildPhase;
			buildActionMask = 2147483647;
			files = (
				5E7A020D2637201200DF7B53 /* UIView.swift in Sources */,
				5E7A01922636EF5100DF7B53 /* Petition.swift in Sources */,
				5E7A01A02636EF7900DF7B53 /* Petitions.swift in Sources */,
				5E7A01022636DE1300DF7B53 /* ViewController.swift in Sources */,
				5E7A01222636E2B700DF7B53 /* TabBarController.swift in Sources */,
				5E7A00FE2636DE1200DF7B53 /* AppDelegate.swift in Sources */,
				5E7A01002636DE1200DF7B53 /* SceneDelegate.swift in Sources */,
				5E7A026F2639D54F00DF7B53 /* PetitionViewCell.swift in Sources */,
				5E7A01AE2636F57F00DF7B53 /* DetailViewController.swift in Sources */,
			);
			runOnlyForDeploymentPostprocessing = 0;
		};
		5E7A01BB26371C8B00DF7B53 /* Sources */ = {
			isa = PBXSourcesBuildPhase;
			buildActionMask = 2147483647;
			files = (
				5E7A020E2637201200DF7B53 /* UIView.swift in Sources */,
				5E7A01C626371C8C00DF7B53 /* ViewController.swift in Sources */,
				5E7A01C226371C8C00DF7B53 /* AppDelegate.swift in Sources */,
				5E7A01C426371C8C00DF7B53 /* SceneDelegate.swift in Sources */,
			);
			runOnlyForDeploymentPostprocessing = 0;
		};
		5E7A02212638509600DF7B53 /* Sources */ = {
			isa = PBXSourcesBuildPhase;
			buildActionMask = 2147483647;
			files = (
				5E7A025C26397AE300DF7B53 /* Person.swift in Sources */,
				5E7A022C2638509800DF7B53 /* ViewController.swift in Sources */,
				5E7A02282638509800DF7B53 /* AppDelegate.swift in Sources */,
				5E7A022A2638509800DF7B53 /* SceneDelegate.swift in Sources */,
				5E7A02652639C02900DF7B53 /* UIView.swift in Sources */,
				5E7A025226385A7400DF7B53 /* PersonCollectionViewCell.swift in Sources */,
			);
			runOnlyForDeploymentPostprocessing = 0;
		};
		5E7AFF0C262DA8A600DF7B53 /* Sources */ = {
			isa = PBXSourcesBuildPhase;
			buildActionMask = 2147483647;
			files = (
				5E7A02082637201200DF7B53 /* UIView.swift in Sources */,
				5E7AFF18262DA8A600DF7B53 /* ViewController.swift in Sources */,
				5E7AFF14262DA8A600DF7B53 /* AppDelegate.swift in Sources */,
				5E7AFF16262DA8A600DF7B53 /* SceneDelegate.swift in Sources */,
				5E7AFF43262DC48700DF7B53 /* DetailViewController.swift in Sources */,
			);
			runOnlyForDeploymentPostprocessing = 0;
		};
		5E7AFFE52631770500DF7B53 /* Sources */ = {
			isa = PBXSourcesBuildPhase;
			buildActionMask = 2147483647;
			files = (
				5E7A02092637201200DF7B53 /* UIView.swift in Sources */,
				5E7AFFF02631770600DF7B53 /* ViewController.swift in Sources */,
				5E7AFFEC2631770600DF7B53 /* AppDelegate.swift in Sources */,
				5E7AFFEE2631770600DF7B53 /* SceneDelegate.swift in Sources */,
			);
			runOnlyForDeploymentPostprocessing = 0;
		};
/* End PBXSourcesBuildPhase section */

/* Begin XCBuildConfiguration section */
		5E7A00682631DA3800DF7B53 /* Debug */ = {
			isa = XCBuildConfiguration;
			buildSettings = {
				ASSETCATALOG_COMPILER_APPICON_NAME = AppIcon;
				ASSETCATALOG_COMPILER_GLOBAL_ACCENT_COLOR_NAME = AccentColor;
				CODE_SIGN_STYLE = Automatic;
				INFOPLIST_FILE = "Easy Browser/Info.plist";
				LD_RUNPATH_SEARCH_PATHS = (
					"$(inherited)",
					"@executable_path/Frameworks",
				);
				PRODUCT_BUNDLE_IDENTIFIER = "udobnaja.Easy-Browser";
				PRODUCT_NAME = "$(TARGET_NAME)";
				SWIFT_VERSION = 5.0;
				TARGETED_DEVICE_FAMILY = "1,2";
			};
			name = Debug;
		};
		5E7A00692631DA3800DF7B53 /* Release */ = {
			isa = XCBuildConfiguration;
			buildSettings = {
				ASSETCATALOG_COMPILER_APPICON_NAME = AppIcon;
				ASSETCATALOG_COMPILER_GLOBAL_ACCENT_COLOR_NAME = AccentColor;
				CODE_SIGN_STYLE = Automatic;
				INFOPLIST_FILE = "Easy Browser/Info.plist";
				LD_RUNPATH_SEARCH_PATHS = (
					"$(inherited)",
					"@executable_path/Frameworks",
				);
				PRODUCT_BUNDLE_IDENTIFIER = "udobnaja.Easy-Browser";
				PRODUCT_NAME = "$(TARGET_NAME)";
				SWIFT_VERSION = 5.0;
				TARGETED_DEVICE_FAMILY = "1,2";
			};
			name = Release;
		};
		5E7A00942632F0CF00DF7B53 /* Debug */ = {
			isa = XCBuildConfiguration;
			buildSettings = {
				ASSETCATALOG_COMPILER_APPICON_NAME = AppIcon;
				ASSETCATALOG_COMPILER_GLOBAL_ACCENT_COLOR_NAME = AccentColor;
				CODE_SIGN_STYLE = Automatic;
				INFOPLIST_FILE = "Word Scramble/Info.plist";
				LD_RUNPATH_SEARCH_PATHS = (
					"$(inherited)",
					"@executable_path/Frameworks",
				);
				PRODUCT_BUNDLE_IDENTIFIER = "udobnaja.Word-Scramble";
				PRODUCT_NAME = "$(TARGET_NAME)";
				SWIFT_VERSION = 5.0;
				TARGETED_DEVICE_FAMILY = "1,2";
			};
			name = Debug;
		};
		5E7A00952632F0CF00DF7B53 /* Release */ = {
			isa = XCBuildConfiguration;
			buildSettings = {
				ASSETCATALOG_COMPILER_APPICON_NAME = AppIcon;
				ASSETCATALOG_COMPILER_GLOBAL_ACCENT_COLOR_NAME = AccentColor;
				CODE_SIGN_STYLE = Automatic;
				INFOPLIST_FILE = "Word Scramble/Info.plist";
				LD_RUNPATH_SEARCH_PATHS = (
					"$(inherited)",
					"@executable_path/Frameworks",
				);
				PRODUCT_BUNDLE_IDENTIFIER = "udobnaja.Word-Scramble";
				PRODUCT_NAME = "$(TARGET_NAME)";
				SWIFT_VERSION = 5.0;
				TARGETED_DEVICE_FAMILY = "1,2";
			};
			name = Release;
		};
		5E7A00BE2636BAAA00DF7B53 /* Debug */ = {
			isa = XCBuildConfiguration;
			buildSettings = {
				ASSETCATALOG_COMPILER_APPICON_NAME = AppIcon;
				ASSETCATALOG_COMPILER_GLOBAL_ACCENT_COLOR_NAME = AccentColor;
				CODE_SIGN_STYLE = Automatic;
				INFOPLIST_FILE = "Auto Layout/Info.plist";
				LD_RUNPATH_SEARCH_PATHS = (
					"$(inherited)",
					"@executable_path/Frameworks",
				);
				PRODUCT_BUNDLE_IDENTIFIER = "udobnaja.Auto-Layout";
				PRODUCT_NAME = "$(TARGET_NAME)";
				SWIFT_VERSION = 5.0;
				TARGETED_DEVICE_FAMILY = "1,2";
			};
			name = Debug;
		};
		5E7A00BF2636BAAA00DF7B53 /* Release */ = {
			isa = XCBuildConfiguration;
			buildSettings = {
				ASSETCATALOG_COMPILER_APPICON_NAME = AppIcon;
				ASSETCATALOG_COMPILER_GLOBAL_ACCENT_COLOR_NAME = AccentColor;
				CODE_SIGN_STYLE = Automatic;
				INFOPLIST_FILE = "Auto Layout/Info.plist";
				LD_RUNPATH_SEARCH_PATHS = (
					"$(inherited)",
					"@executable_path/Frameworks",
				);
				PRODUCT_BUNDLE_IDENTIFIER = "udobnaja.Auto-Layout";
				PRODUCT_NAME = "$(TARGET_NAME)";
				SWIFT_VERSION = 5.0;
				TARGETED_DEVICE_FAMILY = "1,2";
			};
			name = Release;
		};
		5E7A010D2636DE1C00DF7B53 /* Debug */ = {
			isa = XCBuildConfiguration;
			buildSettings = {
				ASSETCATALOG_COMPILER_APPICON_NAME = AppIcon;
				ASSETCATALOG_COMPILER_GLOBAL_ACCENT_COLOR_NAME = AccentColor;
				CODE_SIGN_STYLE = Automatic;
				INFOPLIST_FILE = "Whitehouse Petitions/Info.plist";
				LD_RUNPATH_SEARCH_PATHS = (
					"$(inherited)",
					"@executable_path/Frameworks",
				);
				PRODUCT_BUNDLE_IDENTIFIER = "udobnaja.Whitehouse-Petitions";
				PRODUCT_NAME = "$(TARGET_NAME)";
				SWIFT_VERSION = 5.0;
				TARGETED_DEVICE_FAMILY = "1,2";
			};
			name = Debug;
		};
		5E7A010E2636DE1C00DF7B53 /* Release */ = {
			isa = XCBuildConfiguration;
			buildSettings = {
				ASSETCATALOG_COMPILER_APPICON_NAME = AppIcon;
				ASSETCATALOG_COMPILER_GLOBAL_ACCENT_COLOR_NAME = AccentColor;
				CODE_SIGN_STYLE = Automatic;
				INFOPLIST_FILE = "Whitehouse Petitions/Info.plist";
				LD_RUNPATH_SEARCH_PATHS = (
					"$(inherited)",
					"@executable_path/Frameworks",
				);
				PRODUCT_BUNDLE_IDENTIFIER = "udobnaja.Whitehouse-Petitions";
				PRODUCT_NAME = "$(TARGET_NAME)";
				SWIFT_VERSION = 5.0;
				TARGETED_DEVICE_FAMILY = "1,2";
			};
			name = Release;
		};
		5E7A01D126371C9100DF7B53 /* Debug */ = {
			isa = XCBuildConfiguration;
			buildSettings = {
				ASSETCATALOG_COMPILER_APPICON_NAME = AppIcon;
				ASSETCATALOG_COMPILER_GLOBAL_ACCENT_COLOR_NAME = AccentColor;
				CODE_SIGN_STYLE = Automatic;
				INFOPLIST_FILE = "7 Swifty Words/Info.plist";
				LD_RUNPATH_SEARCH_PATHS = (
					"$(inherited)",
					"@executable_path/Frameworks",
				);
				PRODUCT_BUNDLE_IDENTIFIER = "udobnaja.--Swifty-Words";
				PRODUCT_NAME = "$(TARGET_NAME)";
				SWIFT_VERSION = 5.0;
				TARGETED_DEVICE_FAMILY = 2;
			};
			name = Debug;
		};
		5E7A01D226371C9100DF7B53 /* Release */ = {
			isa = XCBuildConfiguration;
			buildSettings = {
				ASSETCATALOG_COMPILER_APPICON_NAME = AppIcon;
				ASSETCATALOG_COMPILER_GLOBAL_ACCENT_COLOR_NAME = AccentColor;
				CODE_SIGN_STYLE = Automatic;
				INFOPLIST_FILE = "7 Swifty Words/Info.plist";
				LD_RUNPATH_SEARCH_PATHS = (
					"$(inherited)",
					"@executable_path/Frameworks",
				);
				PRODUCT_BUNDLE_IDENTIFIER = "udobnaja.--Swifty-Words";
				PRODUCT_NAME = "$(TARGET_NAME)";
				SWIFT_VERSION = 5.0;
				TARGETED_DEVICE_FAMILY = 2;
			};
			name = Release;
		};
		5E7A0237263850A300DF7B53 /* Debug */ = {
			isa = XCBuildConfiguration;
			buildSettings = {
				ASSETCATALOG_COMPILER_APPICON_NAME = AppIcon;
				ASSETCATALOG_COMPILER_GLOBAL_ACCENT_COLOR_NAME = AccentColor;
				CODE_SIGN_STYLE = Automatic;
				INFOPLIST_FILE = "Names to Faces/Info.plist";
				LD_RUNPATH_SEARCH_PATHS = (
					"$(inherited)",
					"@executable_path/Frameworks",
				);
				PRODUCT_BUNDLE_IDENTIFIER = "udobnaja.Names-to-Faces";
				PRODUCT_NAME = "$(TARGET_NAME)";
				SWIFT_VERSION = 5.0;
				TARGETED_DEVICE_FAMILY = "1,2";
			};
			name = Debug;
		};
		5E7A0238263850A300DF7B53 /* Release */ = {
			isa = XCBuildConfiguration;
			buildSettings = {
				ASSETCATALOG_COMPILER_APPICON_NAME = AppIcon;
				ASSETCATALOG_COMPILER_GLOBAL_ACCENT_COLOR_NAME = AccentColor;
				CODE_SIGN_STYLE = Automatic;
				INFOPLIST_FILE = "Names to Faces/Info.plist";
				LD_RUNPATH_SEARCH_PATHS = (
					"$(inherited)",
					"@executable_path/Frameworks",
				);
				PRODUCT_BUNDLE_IDENTIFIER = "udobnaja.Names-to-Faces";
				PRODUCT_NAME = "$(TARGET_NAME)";
				SWIFT_VERSION = 5.0;
				TARGETED_DEVICE_FAMILY = "1,2";
			};
			name = Release;
		};
		5E7AFF22262DA8A700DF7B53 /* Debug */ = {
			isa = XCBuildConfiguration;
			buildSettings = {
				ALWAYS_SEARCH_USER_PATHS = NO;
				CLANG_ANALYZER_NONNULL = YES;
				CLANG_ANALYZER_NUMBER_OBJECT_CONVERSION = YES_AGGRESSIVE;
				CLANG_CXX_LANGUAGE_STANDARD = "gnu++14";
				CLANG_CXX_LIBRARY = "libc++";
				CLANG_ENABLE_MODULES = YES;
				CLANG_ENABLE_OBJC_ARC = YES;
				CLANG_ENABLE_OBJC_WEAK = YES;
				CLANG_WARN_BLOCK_CAPTURE_AUTORELEASING = YES;
				CLANG_WARN_BOOL_CONVERSION = YES;
				CLANG_WARN_COMMA = YES;
				CLANG_WARN_CONSTANT_CONVERSION = YES;
				CLANG_WARN_DEPRECATED_OBJC_IMPLEMENTATIONS = YES;
				CLANG_WARN_DIRECT_OBJC_ISA_USAGE = YES_ERROR;
				CLANG_WARN_DOCUMENTATION_COMMENTS = YES;
				CLANG_WARN_EMPTY_BODY = YES;
				CLANG_WARN_ENUM_CONVERSION = YES;
				CLANG_WARN_INFINITE_RECURSION = YES;
				CLANG_WARN_INT_CONVERSION = YES;
				CLANG_WARN_NON_LITERAL_NULL_CONVERSION = YES;
				CLANG_WARN_OBJC_IMPLICIT_RETAIN_SELF = YES;
				CLANG_WARN_OBJC_LITERAL_CONVERSION = YES;
				CLANG_WARN_OBJC_ROOT_CLASS = YES_ERROR;
				CLANG_WARN_QUOTED_INCLUDE_IN_FRAMEWORK_HEADER = YES;
				CLANG_WARN_RANGE_LOOP_ANALYSIS = YES;
				CLANG_WARN_STRICT_PROTOTYPES = YES;
				CLANG_WARN_SUSPICIOUS_MOVE = YES;
				CLANG_WARN_UNGUARDED_AVAILABILITY = YES_AGGRESSIVE;
				CLANG_WARN_UNREACHABLE_CODE = YES;
				CLANG_WARN__DUPLICATE_METHOD_MATCH = YES;
				COPY_PHASE_STRIP = NO;
				DEBUG_INFORMATION_FORMAT = dwarf;
				ENABLE_STRICT_OBJC_MSGSEND = YES;
				ENABLE_TESTABILITY = YES;
				GCC_C_LANGUAGE_STANDARD = gnu11;
				GCC_DYNAMIC_NO_PIC = NO;
				GCC_NO_COMMON_BLOCKS = YES;
				GCC_OPTIMIZATION_LEVEL = 0;
				GCC_PREPROCESSOR_DEFINITIONS = (
					"DEBUG=1",
					"$(inherited)",
				);
				GCC_WARN_64_TO_32_BIT_CONVERSION = YES;
				GCC_WARN_ABOUT_RETURN_TYPE = YES_ERROR;
				GCC_WARN_UNDECLARED_SELECTOR = YES;
				GCC_WARN_UNINITIALIZED_AUTOS = YES_AGGRESSIVE;
				GCC_WARN_UNUSED_FUNCTION = YES;
				GCC_WARN_UNUSED_VARIABLE = YES;
				IPHONEOS_DEPLOYMENT_TARGET = 14.4;
				MTL_ENABLE_DEBUG_INFO = INCLUDE_SOURCE;
				MTL_FAST_MATH = YES;
				ONLY_ACTIVE_ARCH = YES;
				SDKROOT = iphoneos;
				SWIFT_ACTIVE_COMPILATION_CONDITIONS = DEBUG;
				SWIFT_OPTIMIZATION_LEVEL = "-Onone";
			};
			name = Debug;
		};
		5E7AFF23262DA8A700DF7B53 /* Release */ = {
			isa = XCBuildConfiguration;
			buildSettings = {
				ALWAYS_SEARCH_USER_PATHS = NO;
				CLANG_ANALYZER_NONNULL = YES;
				CLANG_ANALYZER_NUMBER_OBJECT_CONVERSION = YES_AGGRESSIVE;
				CLANG_CXX_LANGUAGE_STANDARD = "gnu++14";
				CLANG_CXX_LIBRARY = "libc++";
				CLANG_ENABLE_MODULES = YES;
				CLANG_ENABLE_OBJC_ARC = YES;
				CLANG_ENABLE_OBJC_WEAK = YES;
				CLANG_WARN_BLOCK_CAPTURE_AUTORELEASING = YES;
				CLANG_WARN_BOOL_CONVERSION = YES;
				CLANG_WARN_COMMA = YES;
				CLANG_WARN_CONSTANT_CONVERSION = YES;
				CLANG_WARN_DEPRECATED_OBJC_IMPLEMENTATIONS = YES;
				CLANG_WARN_DIRECT_OBJC_ISA_USAGE = YES_ERROR;
				CLANG_WARN_DOCUMENTATION_COMMENTS = YES;
				CLANG_WARN_EMPTY_BODY = YES;
				CLANG_WARN_ENUM_CONVERSION = YES;
				CLANG_WARN_INFINITE_RECURSION = YES;
				CLANG_WARN_INT_CONVERSION = YES;
				CLANG_WARN_NON_LITERAL_NULL_CONVERSION = YES;
				CLANG_WARN_OBJC_IMPLICIT_RETAIN_SELF = YES;
				CLANG_WARN_OBJC_LITERAL_CONVERSION = YES;
				CLANG_WARN_OBJC_ROOT_CLASS = YES_ERROR;
				CLANG_WARN_QUOTED_INCLUDE_IN_FRAMEWORK_HEADER = YES;
				CLANG_WARN_RANGE_LOOP_ANALYSIS = YES;
				CLANG_WARN_STRICT_PROTOTYPES = YES;
				CLANG_WARN_SUSPICIOUS_MOVE = YES;
				CLANG_WARN_UNGUARDED_AVAILABILITY = YES_AGGRESSIVE;
				CLANG_WARN_UNREACHABLE_CODE = YES;
				CLANG_WARN__DUPLICATE_METHOD_MATCH = YES;
				COPY_PHASE_STRIP = NO;
				DEBUG_INFORMATION_FORMAT = "dwarf-with-dsym";
				ENABLE_NS_ASSERTIONS = NO;
				ENABLE_STRICT_OBJC_MSGSEND = YES;
				GCC_C_LANGUAGE_STANDARD = gnu11;
				GCC_NO_COMMON_BLOCKS = YES;
				GCC_WARN_64_TO_32_BIT_CONVERSION = YES;
				GCC_WARN_ABOUT_RETURN_TYPE = YES_ERROR;
				GCC_WARN_UNDECLARED_SELECTOR = YES;
				GCC_WARN_UNINITIALIZED_AUTOS = YES_AGGRESSIVE;
				GCC_WARN_UNUSED_FUNCTION = YES;
				GCC_WARN_UNUSED_VARIABLE = YES;
				IPHONEOS_DEPLOYMENT_TARGET = 14.4;
				MTL_ENABLE_DEBUG_INFO = NO;
				MTL_FAST_MATH = YES;
				SDKROOT = iphoneos;
				SWIFT_COMPILATION_MODE = wholemodule;
				SWIFT_OPTIMIZATION_LEVEL = "-O";
				VALIDATE_PRODUCT = YES;
			};
			name = Release;
		};
		5E7AFF25262DA8A700DF7B53 /* Debug */ = {
			isa = XCBuildConfiguration;
			buildSettings = {
				ASSETCATALOG_COMPILER_APPICON_NAME = AppIcon;
				ASSETCATALOG_COMPILER_GLOBAL_ACCENT_COLOR_NAME = AccentColor;
				CODE_SIGN_STYLE = Automatic;
				INFOPLIST_FILE = testuikit/Info.plist;
				LD_RUNPATH_SEARCH_PATHS = (
					"$(inherited)",
					"@executable_path/Frameworks",
				);
				PRODUCT_BUNDLE_IDENTIFIER = udobnaja.testuikit;
				PRODUCT_NAME = "$(TARGET_NAME)";
				SWIFT_VERSION = 5.0;
				TARGETED_DEVICE_FAMILY = "1,2";
			};
			name = Debug;
		};
		5E7AFF26262DA8A700DF7B53 /* Release */ = {
			isa = XCBuildConfiguration;
			buildSettings = {
				ASSETCATALOG_COMPILER_APPICON_NAME = AppIcon;
				ASSETCATALOG_COMPILER_GLOBAL_ACCENT_COLOR_NAME = AccentColor;
				CODE_SIGN_STYLE = Automatic;
				INFOPLIST_FILE = testuikit/Info.plist;
				LD_RUNPATH_SEARCH_PATHS = (
					"$(inherited)",
					"@executable_path/Frameworks",
				);
				PRODUCT_BUNDLE_IDENTIFIER = udobnaja.testuikit;
				PRODUCT_NAME = "$(TARGET_NAME)";
				SWIFT_VERSION = 5.0;
				TARGETED_DEVICE_FAMILY = "1,2";
			};
			name = Release;
		};
		5E7AFFFB2631771600DF7B53 /* Debug */ = {
			isa = XCBuildConfiguration;
			buildSettings = {
				ASSETCATALOG_COMPILER_APPICON_NAME = AppIcon;
				ASSETCATALOG_COMPILER_GLOBAL_ACCENT_COLOR_NAME = AccentColor;
				CODE_SIGN_STYLE = Automatic;
				INFOPLIST_FILE = "Guess the Flag/Info.plist";
				LD_RUNPATH_SEARCH_PATHS = (
					"$(inherited)",
					"@executable_path/Frameworks",
				);
				PRODUCT_BUNDLE_IDENTIFIER = "udobnaja.Guess-the-Flag";
				PRODUCT_NAME = "$(TARGET_NAME)";
				SWIFT_VERSION = 5.0;
				TARGETED_DEVICE_FAMILY = "1,2";
			};
			name = Debug;
		};
		5E7AFFFC2631771600DF7B53 /* Release */ = {
			isa = XCBuildConfiguration;
			buildSettings = {
				ASSETCATALOG_COMPILER_APPICON_NAME = AppIcon;
				ASSETCATALOG_COMPILER_GLOBAL_ACCENT_COLOR_NAME = AccentColor;
				CODE_SIGN_STYLE = Automatic;
				INFOPLIST_FILE = "Guess the Flag/Info.plist";
				LD_RUNPATH_SEARCH_PATHS = (
					"$(inherited)",
					"@executable_path/Frameworks",
				);
				PRODUCT_BUNDLE_IDENTIFIER = "udobnaja.Guess-the-Flag";
				PRODUCT_NAME = "$(TARGET_NAME)";
				SWIFT_VERSION = 5.0;
				TARGETED_DEVICE_FAMILY = "1,2";
			};
			name = Release;
		};
/* End XCBuildConfiguration section */

/* Begin XCConfigurationList section */
		5E7A00672631DA3800DF7B53 /* Build configuration list for PBXNativeTarget "Easy Browser" */ = {
			isa = XCConfigurationList;
			buildConfigurations = (
				5E7A00682631DA3800DF7B53 /* Debug */,
				5E7A00692631DA3800DF7B53 /* Release */,
			);
			defaultConfigurationIsVisible = 0;
			defaultConfigurationName = Release;
		};
		5E7A00932632F0CF00DF7B53 /* Build configuration list for PBXNativeTarget "Word Scramble" */ = {
			isa = XCConfigurationList;
			buildConfigurations = (
				5E7A00942632F0CF00DF7B53 /* Debug */,
				5E7A00952632F0CF00DF7B53 /* Release */,
			);
			defaultConfigurationIsVisible = 0;
			defaultConfigurationName = Release;
		};
		5E7A00BD2636BAAA00DF7B53 /* Build configuration list for PBXNativeTarget "Auto Layout" */ = {
			isa = XCConfigurationList;
			buildConfigurations = (
				5E7A00BE2636BAAA00DF7B53 /* Debug */,
				5E7A00BF2636BAAA00DF7B53 /* Release */,
			);
			defaultConfigurationIsVisible = 0;
			defaultConfigurationName = Release;
		};
		5E7A010C2636DE1C00DF7B53 /* Build configuration list for PBXNativeTarget "Whitehouse Petitions" */ = {
			isa = XCConfigurationList;
			buildConfigurations = (
				5E7A010D2636DE1C00DF7B53 /* Debug */,
				5E7A010E2636DE1C00DF7B53 /* Release */,
			);
			defaultConfigurationIsVisible = 0;
			defaultConfigurationName = Release;
		};
		5E7A01D026371C9100DF7B53 /* Build configuration list for PBXNativeTarget "7 Swifty Words" */ = {
			isa = XCConfigurationList;
			buildConfigurations = (
				5E7A01D126371C9100DF7B53 /* Debug */,
				5E7A01D226371C9100DF7B53 /* Release */,
			);
			defaultConfigurationIsVisible = 0;
			defaultConfigurationName = Release;
		};
		5E7A0236263850A300DF7B53 /* Build configuration list for PBXNativeTarget "Names to Faces" */ = {
			isa = XCConfigurationList;
			buildConfigurations = (
				5E7A0237263850A300DF7B53 /* Debug */,
				5E7A0238263850A300DF7B53 /* Release */,
			);
			defaultConfigurationIsVisible = 0;
			defaultConfigurationName = Release;
		};
		5E7AFF0B262DA8A600DF7B53 /* Build configuration list for PBXProject "testuikit" */ = {
			isa = XCConfigurationList;
			buildConfigurations = (
				5E7AFF22262DA8A700DF7B53 /* Debug */,
				5E7AFF23262DA8A700DF7B53 /* Release */,
			);
			defaultConfigurationIsVisible = 0;
			defaultConfigurationName = Release;
		};
		5E7AFF24262DA8A700DF7B53 /* Build configuration list for PBXNativeTarget "testuikit" */ = {
			isa = XCConfigurationList;
			buildConfigurations = (
				5E7AFF25262DA8A700DF7B53 /* Debug */,
				5E7AFF26262DA8A700DF7B53 /* Release */,
			);
			defaultConfigurationIsVisible = 0;
			defaultConfigurationName = Release;
		};
		5E7AFFFA2631771600DF7B53 /* Build configuration list for PBXNativeTarget "Guess the Flag" */ = {
			isa = XCConfigurationList;
			buildConfigurations = (
				5E7AFFFB2631771600DF7B53 /* Debug */,
				5E7AFFFC2631771600DF7B53 /* Release */,
			);
			defaultConfigurationIsVisible = 0;
			defaultConfigurationName = Release;
		};
/* End XCConfigurationList section */
	};
	rootObject = 5E7AFF08262DA8A600DF7B53 /* Project object */;
}
